
Microsoft Visual Studio Solution File, Format Version 12.00
# Visual Studio 15
VisualStudioVersion = 15.0.27004.2002
MinimumVisualStudioVersion = 10.0.40219.1
Project("{FAE04EC0-301F-11D3-BF4B-00C04F79EFBC}") = "Backend-Project", "Backend-Project\Backend-Project.csproj", "{5E11F5F3-8D0C-4958-92EF-3BC357FECD4B}"
EndProject
Project("{FAE04EC0-301F-11D3-BF4B-00C04F79EFBC}") = "Backend-Project.Tests", "Backend-Project.Tests\Backend-Project.Tests.csproj", "{B12F5F8E-15D7-4716-8532-BF8F3B45E767}"
EndProject
Project("{FAE04EC0-301F-11D3-BF4B-00C04F79EFBC}") = "Frontend-Project", "Frontend-Project\Frontend-Project.csproj", "{8C44C681-8B89-4796-856F-7D2942F91B0B}"
EndProject
Project("{FAE04EC0-301F-11D3-BF4B-00C04F79EFBC}") = "Frontend-Project.Tests", "Frontend-Project.Tests\Frontend-Project.Tests.csproj", "{56C41C4E-A2B9-48D5-A8E2-95F15793BE25}"
EndProject
Global
	GlobalSection(SolutionConfigurationPlatforms) = preSolution
		Debug|Any CPU = Debug|Any CPU
		Release|Any CPU = Release|Any CPU
	EndGlobalSection
	GlobalSection(ProjectConfigurationPlatforms) = postSolution
		{5E11F5F3-8D0C-4958-92EF-3BC357FECD4B}.Debug|Any CPU.ActiveCfg = Debug|Any CPU
		{5E11F5F3-8D0C-4958-92EF-3BC357FECD4B}.Debug|Any CPU.Build.0 = Debug|Any CPU
		{5E11F5F3-8D0C-4958-92EF-3BC357FECD4B}.Release|Any CPU.ActiveCfg = Release|Any CPU
		{5E11F5F3-8D0C-4958-92EF-3BC357FECD4B}.Release|Any CPU.Build.0 = Release|Any CPU
		{B12F5F8E-15D7-4716-8532-BF8F3B45E767}.Debug|Any CPU.ActiveCfg = Debug|Any CPU
		{B12F5F8E-15D7-4716-8532-BF8F3B45E767}.Debug|Any CPU.Build.0 = Debug|Any CPU
		{B12F5F8E-15D7-4716-8532-BF8F3B45E767}.Release|Any CPU.ActiveCfg = Release|Any CPU
		{B12F5F8E-15D7-4716-8532-BF8F3B45E767}.Release|Any CPU.Build.0 = Release|Any CPU
		{8C44C681-8B89-4796-856F-7D2942F91B0B}.Debug|Any CPU.ActiveCfg = Debug|Any CPU
		{8C44C681-8B89-4796-856F-7D2942F91B0B}.Debug|Any CPU.Build.0 = Debug|Any CPU
		{8C44C681-8B89-4796-856F-7D2942F91B0B}.Release|Any CPU.ActiveCfg = Release|Any CPU
		{8C44C681-8B89-4796-856F-7D2942F91B0B}.Release|Any CPU.Build.0 = Release|Any CPU
		{56C41C4E-A2B9-48D5-A8E2-95F15793BE25}.Debug|Any CPU.ActiveCfg = Debug|Any CPU
		{56C41C4E-A2B9-48D5-A8E2-95F15793BE25}.Debug|Any CPU.Build.0 = Debug|Any CPU
		{56C41C4E-A2B9-48D5-A8E2-95F15793BE25}.Release|Any CPU.ActiveCfg = Release|Any CPU
		{56C41C4E-A2B9-48D5-A8E2-95F15793BE25}.Release|Any CPU.Build.0 = Release|Any CPU
	EndGlobalSection
	GlobalSection(SolutionProperties) = preSolution
		HideSolutionNode = FALSE
	EndGlobalSection
	GlobalSection(ExtensibilityGlobals) = postSolution
		SolutionGuid = {AEC16079-79AD-445B-9EDE-D43B19C29C67}
	EndGlobalSection
EndGlobal
